
Microsoft Visual Studio Solution File, Format Version 12.00
# Visual Studio Version 16
VisualStudioVersion = 16.0.31005.135
MinimumVisualStudioVersion = 10.0.40219.1
Project("{FAE04EC0-301F-11D3-BF4B-00C04F79EFBC}") = "asp.net-core-demo", "asp.net-core-demo\asp.net-core-demo.csproj", "{2E21C3F6-E032-4A92-A492-8BB9C9DEF49C}"
EndProject
Project("{FAE04EC0-301F-11D3-BF4B-00C04F79EFBC}") = "IRepository", "IRepository\IRepository.csproj", "{99DBB296-57D2-4CF5-B168-2756EE1C0E54}"
EndProject
Project("{FAE04EC0-301F-11D3-BF4B-00C04F79EFBC}") = "Model", "Model\Model.csproj", "{28D93560-9AEC-402E-8866-8D64DA137F00}"
EndProject
Project("{FAE04EC0-301F-11D3-BF4B-00C04F79EFBC}") = "Repository", "Repository\Repository.csproj", "{A7A93CCE-5A02-42C7-9B29-CAFCA4BB208D}"
EndProject
Project("{FAE04EC0-301F-11D3-BF4B-00C04F79EFBC}") = "IServer", "IServer\IServer.csproj", "{7089A33E-71D0-4228-B6F1-C69F33EFF4CC}"
EndProject
Project("{FAE04EC0-301F-11D3-BF4B-00C04F79EFBC}") = "Server", "Server\Server.csproj", "{26F1E251-8803-4B08-AEB3-D555DA2E3F81}"
EndProject
Global
	GlobalSection(SolutionConfigurationPlatforms) = preSolution
		Debug|Any CPU = Debug|Any CPU
		Release|Any CPU = Release|Any CPU
	EndGlobalSection
	GlobalSection(ProjectConfigurationPlatforms) = postSolution
		{2E21C3F6-E032-4A92-A492-8BB9C9DEF49C}.Debug|Any CPU.ActiveCfg = Debug|Any CPU
		{2E21C3F6-E032-4A92-A492-8BB9C9DEF49C}.Debug|Any CPU.Build.0 = Debug|Any CPU
		{2E21C3F6-E032-4A92-A492-8BB9C9DEF49C}.Release|Any CPU.ActiveCfg = Release|Any CPU
		{2E21C3F6-E032-4A92-A492-8BB9C9DEF49C}.Release|Any CPU.Build.0 = Release|Any CPU
		{99DBB296-57D2-4CF5-B168-2756EE1C0E54}.Debug|Any CPU.ActiveCfg = Debug|Any CPU
		{99DBB296-57D2-4CF5-B168-2756EE1C0E54}.Debug|Any CPU.Build.0 = Debug|Any CPU
		{99DBB296-57D2-4CF5-B168-2756EE1C0E54}.Release|Any CPU.ActiveCfg = Release|Any CPU
		{99DBB296-57D2-4CF5-B168-2756EE1C0E54}.Release|Any CPU.Build.0 = Release|Any CPU
		{28D93560-9AEC-402E-8866-8D64DA137F00}.Debug|Any CPU.ActiveCfg = Debug|Any CPU
		{28D93560-9AEC-402E-8866-8D64DA137F00}.Debug|Any CPU.Build.0 = Debug|Any CPU
		{28D93560-9AEC-402E-8866-8D64DA137F00}.Release|Any CPU.ActiveCfg = Release|Any CPU
		{28D93560-9AEC-402E-8866-8D64DA137F00}.Release|Any CPU.Build.0 = Release|Any CPU
		{A7A93CCE-5A02-42C7-9B29-CAFCA4BB208D}.Debug|Any CPU.ActiveCfg = Debug|Any CPU
		{A7A93CCE-5A02-42C7-9B29-CAFCA4BB208D}.Debug|Any CPU.Build.0 = Debug|Any CPU
		{A7A93CCE-5A02-42C7-9B29-CAFCA4BB208D}.Release|Any CPU.ActiveCfg = Release|Any CPU
		{A7A93CCE-5A02-42C7-9B29-CAFCA4BB208D}.Release|Any CPU.Build.0 = Release|Any CPU
		{7089A33E-71D0-4228-B6F1-C69F33EFF4CC}.Debug|Any CPU.ActiveCfg = Debug|Any CPU
		{7089A33E-71D0-4228-B6F1-C69F33EFF4CC}.Debug|Any CPU.Build.0 = Debug|Any CPU
		{7089A33E-71D0-4228-B6F1-C69F33EFF4CC}.Release|Any CPU.ActiveCfg = Release|Any CPU
		{7089A33E-71D0-4228-B6F1-C69F33EFF4CC}.Release|Any CPU.Build.0 = Release|Any CPU
		{26F1E251-8803-4B08-AEB3-D555DA2E3F81}.Debug|Any CPU.ActiveCfg = Debug|Any CPU
		{26F1E251-8803-4B08-AEB3-D555DA2E3F81}.Debug|Any CPU.Build.0 = Debug|Any CPU
		{26F1E251-8803-4B08-AEB3-D555DA2E3F81}.Release|Any CPU.ActiveCfg = Release|Any CPU
		{26F1E251-8803-4B08-AEB3-D555DA2E3F81}.Release|Any CPU.Build.0 = Release|Any CPU
	EndGlobalSection
	GlobalSection(SolutionProperties) = preSolution
		HideSolutionNode = FALSE
	EndGlobalSection
	GlobalSection(ExtensibilityGlobals) = postSolution
		SolutionGuid = {12FA52E0-59ED-455C-BA1B-0B2926834958}
	EndGlobalSection
EndGlobal
